
Microsoft Visual Studio Solution File, Format Version 12.00
# Visual Studio 2012
Project("{FAE04EC0-301F-11D3-BF4B-00C04F79EFBC}") = "InterfazGrafica", "InterfazGrafica\InterfazGrafica.csproj", "{AD9ECFC6-AF07-4D22-AC93-946919FE502A}"
EndProject
Project("{FAE04EC0-301F-11D3-BF4B-00C04F79EFBC}") = "Dominio", "Domino\Dominio.csproj", "{F4C5668F-34C4-43A0-BDAC-10FBA56CCE5E}"
EndProject
Project("{2150E333-8FDC-42A3-9474-1A3956D46DE8}") = ".nuget", ".nuget", "{DD37BA56-01B5-4531-AB38-89DB95ED1F51}"
	ProjectSection(SolutionItems) = preProject
		.nuget\NuGet.Config = .nuget\NuGet.Config
		.nuget\NuGet.exe = .nuget\NuGet.exe
		.nuget\NuGet.targets = .nuget\NuGet.targets
	EndProjectSection
EndProject
Project("{FAE04EC0-301F-11D3-BF4B-00C04F79EFBC}") = "TestUnitario", "TestUnitario\TestUnitario.csproj", "{2E3DF5C2-8A38-4A03-86D7-8D463C917E47}"
EndProject
Project("{2150E333-8FDC-42A3-9474-1A3956D46DE8}") = "Solution Items", "Solution Items", "{4278D0AE-4E20-4732-A5D6-4FECFBB743C5}"
EndProject
Project("{FAE04EC0-301F-11D3-BF4B-00C04F79EFBC}") = "Logica", "Logica\Logica.csproj", "{25B1E374-1ABB-4868-92D0-C016FFD179E3}"
EndProject
Project("{FAE04EC0-301F-11D3-BF4B-00C04F79EFBC}") = "Persistencia", "Persistencia\Persistencia.csproj", "{0FEBCD99-2D40-42D5-8584-59EE4879D6C7}"
EndProject
Global
	GlobalSection(SolutionConfigurationPlatforms) = preSolution
		Debug|Any CPU = Debug|Any CPU
		Release|Any CPU = Release|Any CPU
	EndGlobalSection
	GlobalSection(ProjectConfigurationPlatforms) = postSolution
		{AD9ECFC6-AF07-4D22-AC93-946919FE502A}.Debug|Any CPU.ActiveCfg = Debug|Any CPU
		{AD9ECFC6-AF07-4D22-AC93-946919FE502A}.Debug|Any CPU.Build.0 = Debug|Any CPU
		{AD9ECFC6-AF07-4D22-AC93-946919FE502A}.Release|Any CPU.ActiveCfg = Release|Any CPU
		{AD9ECFC6-AF07-4D22-AC93-946919FE502A}.Release|Any CPU.Build.0 = Release|Any CPU
		{F4C5668F-34C4-43A0-BDAC-10FBA56CCE5E}.Debug|Any CPU.ActiveCfg = Debug|Any CPU
		{F4C5668F-34C4-43A0-BDAC-10FBA56CCE5E}.Debug|Any CPU.Build.0 = Debug|Any CPU
		{F4C5668F-34C4-43A0-BDAC-10FBA56CCE5E}.Release|Any CPU.ActiveCfg = Release|Any CPU
		{F4C5668F-34C4-43A0-BDAC-10FBA56CCE5E}.Release|Any CPU.Build.0 = Release|Any CPU
		{F4C5668F-34C4-43A0-BDAC-10FBA56CCE5E}.Release|Any CPU.Deploy.0 = Release|Any CPU
		{2E3DF5C2-8A38-4A03-86D7-8D463C917E47}.Debug|Any CPU.ActiveCfg = Debug|Any CPU
		{2E3DF5C2-8A38-4A03-86D7-8D463C917E47}.Debug|Any CPU.Build.0 = Debug|Any CPU
		{2E3DF5C2-8A38-4A03-86D7-8D463C917E47}.Release|Any CPU.ActiveCfg = Release|Any CPU
		{2E3DF5C2-8A38-4A03-86D7-8D463C917E47}.Release|Any CPU.Build.0 = Release|Any CPU
		{25B1E374-1ABB-4868-92D0-C016FFD179E3}.Debug|Any CPU.ActiveCfg = Debug|Any CPU
		{25B1E374-1ABB-4868-92D0-C016FFD179E3}.Debug|Any CPU.Build.0 = Debug|Any CPU
		{25B1E374-1ABB-4868-92D0-C016FFD179E3}.Release|Any CPU.ActiveCfg = Release|Any CPU
		{25B1E374-1ABB-4868-92D0-C016FFD179E3}.Release|Any CPU.Build.0 = Release|Any CPU
		{0FEBCD99-2D40-42D5-8584-59EE4879D6C7}.Debug|Any CPU.ActiveCfg = Debug|Any CPU
		{0FEBCD99-2D40-42D5-8584-59EE4879D6C7}.Debug|Any CPU.Build.0 = Debug|Any CPU
		{0FEBCD99-2D40-42D5-8584-59EE4879D6C7}.Release|Any CPU.ActiveCfg = Release|Any CPU
		{0FEBCD99-2D40-42D5-8584-59EE4879D6C7}.Release|Any CPU.Build.0 = Release|Any CPU
	EndGlobalSection
	GlobalSection(SolutionProperties) = preSolution
		HideSolutionNode = FALSE
	EndGlobalSection
EndGlobal
